
Microsoft Visual Studio Solution File, Format Version 12.00
# Visual Studio Version 16
VisualStudioVersion = 16.0.29503.13
MinimumVisualStudioVersion = 10.0.40219.1
Project("{FAE04EC0-301F-11D3-BF4B-00C04F79EFBC}") = "CS-NetPicker3", "CS-NetPicker3\CS-NetPicker3.csproj", "{E15516F0-7D89-4DF6-9144-FF353ADCFC0D}"
EndProject
Global
	GlobalSection(SolutionConfigurationPlatforms) = preSolution
		Debug|Any CPU = Debug|Any CPU
		Release|Any CPU = Release|Any CPU
	EndGlobalSection
	GlobalSection(ProjectConfigurationPlatforms) = postSolution
		{E15516F0-7D89-4DF6-9144-FF353ADCFC0D}.Debug|Any CPU.ActiveCfg = Debug|Any CPU
		{E15516F0-7D89-4DF6-9144-FF353ADCFC0D}.Debug|Any CPU.Build.0 = Debug|Any CPU
		{E15516F0-7D89-4DF6-9144-FF353ADCFC0D}.Release|Any CPU.ActiveCfg = Release|Any CPU
		{E15516F0-7D89-4DF6-9144-FF353ADCFC0D}.Release|Any CPU.Build.0 = Release|Any CPU
	EndGlobalSection
	GlobalSection(SolutionProperties) = preSolution
		HideSolutionNode = FALSE
	EndGlobalSection
	GlobalSection(ExtensibilityGlobals) = postSolution
		SolutionGuid = {2F1128A0-81A9-4F7F-9BFD-F0AC49F73971}
	EndGlobalSection
EndGlobal
